// !$*UTF8*$!
{
	archiveVersion = 1;
	classes = {
	};
	objectVersion = 50;
	objects = {

/* Begin PBXBuildFile section */
		494FCFEC2740E87800DA2D05 /* AppDelegate.swift in Sources */ = {isa = PBXBuildFile; fileRef = 494FCFEB2740E87800DA2D05 /* AppDelegate.swift */; };
		494FCFEE2740E87800DA2D05 /* SceneDelegate.swift in Sources */ = {isa = PBXBuildFile; fileRef = 494FCFED2740E87800DA2D05 /* SceneDelegate.swift */; };
		494FCFF02740E87800DA2D05 /* ViewController.swift in Sources */ = {isa = PBXBuildFile; fileRef = 494FCFEF2740E87800DA2D05 /* ViewController.swift */; };
		494FCFF32740E87800DA2D05 /* Main.storyboard in Resources */ = {isa = PBXBuildFile; fileRef = 494FCFF12740E87800DA2D05 /* Main.storyboard */; };
		494FCFF52740E87D00DA2D05 /* Assets.xcassets in Resources */ = {isa = PBXBuildFile; fileRef = 494FCFF42740E87D00DA2D05 /* Assets.xcassets */; };
		494FCFF82740E87D00DA2D05 /* LaunchScreen.storyboard in Resources */ = {isa = PBXBuildFile; fileRef = 494FCFF62740E87D00DA2D05 /* LaunchScreen.storyboard */; };
		494FD0002740ED3B00DA2D05 /* LoginViewController.swift in Sources */ = {isa = PBXBuildFile; fileRef = 494FCFFF2740ED3B00DA2D05 /* LoginViewController.swift */; };
		494FD0022740ED4C00DA2D05 /* RegisterViewController.swift in Sources */ = {isa = PBXBuildFile; fileRef = 494FD0012740ED4C00DA2D05 /* RegisterViewController.swift */; };
		494FD0082740FE8900DA2D05 /* KeychainPasswordItem.swift in Sources */ = {isa = PBXBuildFile; fileRef = 494FD0062740FE8900DA2D05 /* KeychainPasswordItem.swift */; };
		494FD0092740FE8900DA2D05 /* KeychainConfiguration.swift in Sources */ = {isa = PBXBuildFile; fileRef = 494FD0072740FE8900DA2D05 /* KeychainConfiguration.swift */; };
/* End PBXBuildFile section */

/* Begin PBXFileReference section */
		494FCFE82740E87800DA2D05 /* iOSKeychainDemo.app */ = {isa = PBXFileReference; explicitFileType = wrapper.application; includeInIndex = 0; path = iOSKeychainDemo.app; sourceTree = BUILT_PRODUCTS_DIR; };
		494FCFEB2740E87800DA2D05 /* AppDelegate.swift */ = {isa = PBXFileReference; lastKnownFileType = sourcecode.swift; path = AppDelegate.swift; sourceTree = "<group>"; };
		494FCFED2740E87800DA2D05 /* SceneDelegate.swift */ = {isa = PBXFileReference; lastKnownFileType = sourcecode.swift; path = SceneDelegate.swift; sourceTree = "<group>"; };
		494FCFEF2740E87800DA2D05 /* ViewController.swift */ = {isa = PBXFileReference; lastKnownFileType = sourcecode.swift; path = ViewController.swift; sourceTree = "<group>"; };
		494FCFF22740E87800DA2D05 /* Base */ = {isa = PBXFileReference; lastKnownFileType = file.storyboard; name = Base; path = Base.lproj/Main.storyboard; sourceTree = "<group>"; };
		494FCFF42740E87D00DA2D05 /* Assets.xcassets */ = {isa = PBXFileReference; lastKnownFileType = folder.assetcatalog; path = Assets.xcassets; sourceTree = "<group>"; };
		494FCFF72740E87D00DA2D05 /* Base */ = {isa = PBXFileReference; lastKnownFileType = file.storyboard; name = Base; path = Base.lproj/LaunchScreen.storyboard; sourceTree = "<group>"; };
		494FCFF92740E87D00DA2D05 /* Info.plist */ = {isa = PBXFileReference; lastKnownFileType = text.plist.xml; path = Info.plist; sourceTree = "<group>"; };
		494FCFFF2740ED3B00DA2D05 /* LoginViewController.swift */ = {isa = PBXFileReference; lastKnownFileType = sourcecode.swift; path = LoginViewController.swift; sourceTree = "<group>"; };
		494FD0012740ED4C00DA2D05 /* RegisterViewController.swift */ = {isa = PBXFileReference; lastKnownFileType = sourcecode.swift; path = RegisterViewController.swift; sourceTree = "<group>"; };
		494FD0062740FE8900DA2D05 /* KeychainPasswordItem.swift */ = {isa = PBXFileReference; fileEncoding = 4; lastKnownFileType = sourcecode.swift; path = KeychainPasswordItem.swift; sourceTree = "<group>"; };
		494FD0072740FE8900DA2D05 /* KeychainConfiguration.swift */ = {isa = PBXFileReference; fileEncoding = 4; lastKnownFileType = sourcecode.swift; path = KeychainConfiguration.swift; sourceTree = "<group>"; };
/* End PBXFileReference section */

/* Begin PBXFrameworksBuildPhase section */
		494FCFE52740E87800DA2D05 /* Frameworks */ = {
			isa = PBXFrameworksBuildPhase;
			buildActionMask = 2147483647;
			files = (
			);
			runOnlyForDeploymentPostprocessing = 0;
		};
/* End PBXFrameworksBuildPhase section */

/* Begin PBXGroup section */
		494FCFDF2740E87800DA2D05 = {
			isa = PBXGroup;
			children = (
				494FCFEA2740E87800DA2D05 /* iOSKeychainDemo */,
				494FCFE92740E87800DA2D05 /* Products */,
			);
			sourceTree = "<group>";
		};
		494FCFE92740E87800DA2D05 /* Products */ = {
			isa = PBXGroup;
			children = (
				494FCFE82740E87800DA2D05 /* iOSKeychainDemo.app */,
			);
			name = Products;
			sourceTree = "<group>";
		};
		494FCFEA2740E87800DA2D05 /* iOSKeychainDemo */ = {
			isa = PBXGroup;
			children = (
				494FD0052740FE5200DA2D05 /* Keychain */,
				494FD0042740ED6700DA2D05 /* App Delegate */,
				494FD0032740ED5A00DA2D05 /* Controller */,
				494FCFF12740E87800DA2D05 /* Main.storyboard */,
				494FCFF42740E87D00DA2D05 /* Assets.xcassets */,
				494FCFF62740E87D00DA2D05 /* LaunchScreen.storyboard */,
				494FCFF92740E87D00DA2D05 /* Info.plist */,
			);
			path = iOSKeychainDemo;
			sourceTree = "<group>";
		};
		494FD0032740ED5A00DA2D05 /* Controller */ = {
			isa = PBXGroup;
			children = (
				494FCFEF2740E87800DA2D05 /* ViewController.swift */,
				494FCFFF2740ED3B00DA2D05 /* LoginViewController.swift */,
				494FD0012740ED4C00DA2D05 /* RegisterViewController.swift */,
			);
			path = Controller;
			sourceTree = "<group>";
		};
		494FD0042740ED6700DA2D05 /* App Delegate */ = {
			isa = PBXGroup;
			children = (
				494FCFEB2740E87800DA2D05 /* AppDelegate.swift */,
				494FCFED2740E87800DA2D05 /* SceneDelegate.swift */,
			);
			path = "App Delegate";
			sourceTree = "<group>";
		};
		494FD0052740FE5200DA2D05 /* Keychain */ = {
			isa = PBXGroup;
			children = (
				494FD0072740FE8900DA2D05 /* KeychainConfiguration.swift */,
				494FD0062740FE8900DA2D05 /* KeychainPasswordItem.swift */,
			);
			path = Keychain;
			sourceTree = "<group>";
		};
/* End PBXGroup section */

/* Begin PBXNativeTarget section */
		494FCFE72740E87800DA2D05 /* iOSKeychainDemo */ = {
			isa = PBXNativeTarget;
			buildConfigurationList = 494FCFFC2740E87D00DA2D05 /* Build configuration list for PBXNativeTarget "iOSKeychainDemo" */;
			buildPhases = (
				494FCFE42740E87800DA2D05 /* Sources */,
				494FCFE52740E87800DA2D05 /* Frameworks */,
				494FCFE62740E87800DA2D05 /* Resources */,
			);
			buildRules = (
			);
			dependencies = (
			);
			name = iOSKeychainDemo;
			productName = iOSKeychainDemo;
			productReference = 494FCFE82740E87800DA2D05 /* iOSKeychainDemo.app */;
			productType = "com.apple.product-type.application";
		};
/* End PBXNativeTarget section */

/* Begin PBXProject section */
		494FCFE02740E87800DA2D05 /* Project object */ = {
			isa = PBXProject;
			attributes = {
				LastSwiftUpdateCheck = 1250;
				LastUpgradeCheck = 1250;
				TargetAttributes = {
					494FCFE72740E87800DA2D05 = {
						CreatedOnToolsVersion = 12.5.1;
					};
				};
			};
			buildConfigurationList = 494FCFE32740E87800DA2D05 /* Build configuration list for PBXProject "iOSKeychainDemo" */;
			compatibilityVersion = "Xcode 9.3";
			developmentRegion = en;
			hasScannedForEncodings = 0;
			knownRegions = (
				en,
				Base,
			);
			mainGroup = 494FCFDF2740E87800DA2D05;
			productRefGroup = 494FCFE92740E87800DA2D05 /* Products */;
			projectDirPath = "";
			projectRoot = "";
			targets = (
				494FCFE72740E87800DA2D05 /* iOSKeychainDemo */,
			);
		};
/* End PBXProject section */

/* Begin PBXResourcesBuildPhase section */
		494FCFE62740E87800DA2D05 /* Resources */ = {
			isa = PBXResourcesBuildPhase;
			buildActionMask = 2147483647;
			files = (
				494FCFF82740E87D00DA2D05 /* LaunchScreen.storyboard in Resources */,
				494FCFF52740E87D00DA2D05 /* Assets.xcassets in Resources */,
				494FCFF32740E87800DA2D05 /* Main.storyboard in Resources */,
			);
			runOnlyForDeploymentPostprocessing = 0;
		};
/* End PBXResourcesBuildPhase section */

/* Begin PBXSourcesBuildPhase section */
		494FCFE42740E87800DA2D05 /* Sources */ = {
			isa = PBXSourcesBuildPhase;
			buildActionMask = 2147483647;
			files = (
				494FD0002740ED3B00DA2D05 /* LoginViewController.swift in Sources */,
				494FD0022740ED4C00DA2D05 /* RegisterViewController.swift in Sources */,
				494FCFF02740E87800DA2D05 /* ViewController.swift in Sources */,
				494FCFEC2740E87800DA2D05 /* AppDelegate.swift in Sources */,
				494FCFEE2740E87800DA2D05 /* SceneDelegate.swift in Sources */,
				494FD0092740FE8900DA2D05 /* KeychainConfiguration.swift in Sources */,
				494FD0082740FE8900DA2D05 /* KeychainPasswordItem.swift in Sources */,
			);
			runOnlyForDeploymentPostprocessing = 0;
		};
/* End PBXSourcesBuildPhase section */

/* Begin PBXVariantGroup section */
		494FCFF12740E87800DA2D05 /* Main.storyboard */ = {
			isa = PBXVariantGroup;
			children = (
				494FCFF22740E87800DA2D05 /* Base */,
			);
			name = Main.storyboard;
			sourceTree = "<group>";
		};
		494FCFF62740E87D00DA2D05 /* LaunchScreen.storyboard */ = {
			isa = PBXVariantGroup;
			children = (
				494FCFF72740E87D00DA2D05 /* Base */,
			);
			name = LaunchScreen.storyboard;
			sourceTree = "<group>";
		};
/* End PBXVariantGroup section */

/* Begin XCBuildConfiguration section */
		494FCFFA2740E87D00DA2D05 /* Debug */ = {
			isa = XCBuildConfiguration;
			buildSettings = {
				ALWAYS_SEARCH_USER_PATHS = NO;
				CLANG_ANALYZER_NONNULL = YES;
				CLANG_ANALYZER_NUMBER_OBJECT_CONVERSION = YES_AGGRESSIVE;
				CLANG_CXX_LANGUAGE_STANDARD = "gnu++14";
				CLANG_CXX_LIBRARY = "libc++";
				CLANG_ENABLE_MODULES = YES;
				CLANG_ENABLE_OBJC_ARC = YES;
				CLANG_ENABLE_OBJC_WEAK = YES;
				CLANG_WARN_BLOCK_CAPTURE_AUTORELEASING = YES;
				CLANG_WARN_BOOL_CONVERSION = YES;
				CLANG_WARN_COMMA = YES;
				CLANG_WARN_CONSTANT_CONVERSION = YES;
				CLANG_WARN_DEPRECATED_OBJC_IMPLEMENTATIONS = YES;
				CLANG_WARN_DIRECT_OBJC_ISA_USAGE = YES_ERROR;
				CLANG_WARN_DOCUMENTATION_COMMENTS = YES;
				CLANG_WARN_EMPTY_BODY = YES;
				CLANG_WARN_ENUM_CONVERSION = YES;
				CLANG_WARN_INFINITE_RECURSION = YES;
				CLANG_WARN_INT_CONVERSION = YES;
				CLANG_WARN_NON_LITERAL_NULL_CONVERSION = YES;
				CLANG_WARN_OBJC_IMPLICIT_RETAIN_SELF = YES;
				CLANG_WARN_OBJC_LITERAL_CONVERSION = YES;
				CLANG_WARN_OBJC_ROOT_CLASS = YES_ERROR;
				CLANG_WARN_QUOTED_INCLUDE_IN_FRAMEWORK_HEADER = YES;
				CLANG_WARN_RANGE_LOOP_ANALYSIS = YES;
				CLANG_WARN_STRICT_PROTOTYPES = YES;
				CLANG_WARN_SUSPICIOUS_MOVE = YES;
				CLANG_WARN_UNGUARDED_AVAILABILITY = YES_AGGRESSIVE;
				CLANG_WARN_UNREACHABLE_CODE = YES;
				CLANG_WARN__DUPLICATE_METHOD_MATCH = YES;
				COPY_PHASE_STRIP = NO;
				DEBUG_INFORMATION_FORMAT = dwarf;
				ENABLE_STRICT_OBJC_MSGSEND = YES;
				ENABLE_TESTABILITY = YES;
				GCC_C_LANGUAGE_STANDARD = gnu11;
				GCC_DYNAMIC_NO_PIC = NO;
				GCC_NO_COMMON_BLOCKS = YES;
				GCC_OPTIMIZATION_LEVEL = 0;
				GCC_PREPROCESSOR_DEFINITIONS = (
					"DEBUG=1",
					"$(inherited)",
				);
				GCC_WARN_64_TO_32_BIT_CONVERSION = YES;
				GCC_WARN_ABOUT_RETURN_TYPE = YES_ERROR;
				GCC_WARN_UNDECLARED_SELECTOR = YES;
				GCC_WARN_UNINITIALIZED_AUTOS = YES_AGGRESSIVE;
				GCC_WARN_UNUSED_FUNCTION = YES;
				GCC_WARN_UNUSED_VARIABLE = YES;
				IPHONEOS_DEPLOYMENT_TARGET = 14.5;
				MTL_ENABLE_DEBUG_INFO = INCLUDE_SOURCE;
				MTL_FAST_MATH = YES;
				ONLY_ACTIVE_ARCH = YES;
				SDKROOT = iphoneos;
				SWIFT_ACTIVE_COMPILATION_CONDITIONS = DEBUG;
				SWIFT_OPTIMIZATION_LEVEL = "-Onone";
			};
			name = Debug;
		};
		494FCFFB2740E87D00DA2D05 /* Release */ = {
			isa = XCBuildConfiguration;
			buildSettings = {
				ALWAYS_SEARCH_USER_PATHS = NO;
				CLANG_ANALYZER_NONNULL = YES;
				CLANG_ANALYZER_NUMBER_OBJECT_CONVERSION = YES_AGGRESSIVE;
				CLANG_CXX_LANGUAGE_STANDARD = "gnu++14";
				CLANG_CXX_LIBRARY = "libc++";
				CLANG_ENABLE_MODULES = YES;
				CLANG_ENABLE_OBJC_ARC = YES;
				CLANG_ENABLE_OBJC_WEAK = YES;
				CLANG_WARN_BLOCK_CAPTURE_AUTORELEASING = YES;
				CLANG_WARN_BOOL_CONVERSION = YES;
				CLANG_WARN_COMMA = YES;
				CLANG_WARN_CONSTANT_CONVERSION = YES;
				CLANG_WARN_DEPRECATED_OBJC_IMPLEMENTATIONS = YES;
				CLANG_WARN_DIRECT_OBJC_ISA_USAGE = YES_ERROR;
				CLANG_WARN_DOCUMENTATION_COMMENTS = YES;
				CLANG_WARN_EMPTY_BODY = YES;
				CLANG_WARN_ENUM_CONVERSION = YES;
				CLANG_WARN_INFINITE_RECURSION = YES;
				CLANG_WARN_INT_CONVERSION = YES;
				CLANG_WARN_NON_LITERAL_NULL_CONVERSION = YES;
				CLANG_WARN_OBJC_IMPLICIT_RETAIN_SELF = YES;
				CLANG_WARN_OBJC_LITERAL_CONVERSION = YES;
				CLANG_WARN_OBJC_ROOT_CLASS = YES_ERROR;
				CLANG_WARN_QUOTED_INCLUDE_IN_FRAMEWORK_HEADER = YES;
				CLANG_WARN_RANGE_LOOP_ANALYSIS = YES;
				CLANG_WARN_STRICT_PROTOTYPES = YES;
				CLANG_WARN_SUSPICIOUS_MOVE = YES;
				CLANG_WARN_UNGUARDED_AVAILABILITY = YES_AGGRESSIVE;
				CLANG_WARN_UNREACHABLE_CODE = YES;
				CLANG_WARN__DUPLICATE_METHOD_MATCH = YES;
				COPY_PHASE_STRIP = NO;
				DEBUG_INFORMATION_FORMAT = "dwarf-with-dsym";
				ENABLE_NS_ASSERTIONS = NO;
				ENABLE_STRICT_OBJC_MSGSEND = YES;
				GCC_C_LANGUAGE_STANDARD = gnu11;
				GCC_NO_COMMON_BLOCKS = YES;
				GCC_WARN_64_TO_32_BIT_CONVERSION = YES;
				GCC_WARN_ABOUT_RETURN_TYPE = YES_ERROR;
				GCC_WARN_UNDECLARED_SELECTOR = YES;
				GCC_WARN_UNINITIALIZED_AUTOS = YES_AGGRESSIVE;
				GCC_WARN_UNUSED_FUNCTION = YES;
				GCC_WARN_UNUSED_VARIABLE = YES;
				IPHONEOS_DEPLOYMENT_TARGET = 14.5;
				MTL_ENABLE_DEBUG_INFO = NO;
				MTL_FAST_MATH = YES;
				SDKROOT = iphoneos;
				SWIFT_COMPILATION_MODE = wholemodule;
				SWIFT_OPTIMIZATION_LEVEL = "-O";
				VALIDATE_PRODUCT = YES;
			};
			name = Release;
		};
		494FCFFD2740E87D00DA2D05 /* Debug */ = {
			isa = XCBuildConfiguration;
			buildSettings = {
				ASSETCATALOG_COMPILER_APPICON_NAME = AppIcon;
				ASSETCATALOG_COMPILER_GLOBAL_ACCENT_COLOR_NAME = AccentColor;
				CODE_SIGN_STYLE = Automatic;
				INFOPLIST_FILE = iOSKeychainDemo/Info.plist;
				LD_RUNPATH_SEARCH_PATHS = (
					"$(inherited)",
					"@executable_path/Frameworks",
				);
				PRODUCT_BUNDLE_IDENTIFIER = com.swift.iOSKeychainDemo;
				PRODUCT_NAME = "$(TARGET_NAME)";
				SWIFT_VERSION = 5.0;
				TARGETED_DEVICE_FAMILY = "1,2";
			};
			name = Debug;
		};
		494FCFFE2740E87D00DA2D05 /* Release */ = {
			isa = XCBuildConfiguration;
			buildSettings = {
				ASSETCATALOG_COMPILER_APPICON_NAME = AppIcon;
				ASSETCATALOG_COMPILER_GLOBAL_ACCENT_COLOR_NAME = AccentColor;
				CODE_SIGN_STYLE = Automatic;
				INFOPLIST_FILE = iOSKeychainDemo/Info.plist;
				LD_RUNPATH_SEARCH_PATHS = (
					"$(inherited)",
					"@executable_path/Frameworks",
				);
				PRODUCT_BUNDLE_IDENTIFIER = com.swift.iOSKeychainDemo;
				PRODUCT_NAME = "$(TARGET_NAME)";
				SWIFT_VERSION = 5.0;
				TARGETED_DEVICE_FAMILY = "1,2";
			};
			name = Release;
		};
/* End XCBuildConfiguration section */

/* Begin XCConfigurationList section */
		494FCFE32740E87800DA2D05 /* Build configuration list for PBXProject "iOSKeychainDemo" */ = {
			isa = XCConfigurationList;
			buildConfigurations = (
				494FCFFA2740E87D00DA2D05 /* Debug */,
				494FCFFB2740E87D00DA2D05 /* Release */,
			);
			defaultConfigurationIsVisible = 0;
			defaultConfigurationName = Release;
		};
		494FCFFC2740E87D00DA2D05 /* Build configuration list for PBXNativeTarget "iOSKeychainDemo" */ = {
			isa = XCConfigurationList;
			buildConfigurations = (
				494FCFFD2740E87D00DA2D05 /* Debug */,
				494FCFFE2740E87D00DA2D05 /* Release */,
			);
			defaultConfigurationIsVisible = 0;
			defaultConfigurationName = Release;
		};
/* End XCConfigurationList section */
	};
	rootObject = 494FCFE02740E87800DA2D05 /* Project object */;
}
